dependencies:
- name: medplum
  repository: https://charts.medplum.com
  version: 5.2.3
- name: postgresql
  repository: https://charts.bitnami.com/bitnami
  version: 18.2.4
- name: redis
  repository: https://charts.bitnami.com/bitnami
  version: 24.1.3
- name: prometheus-postgres-exporter
  repository: https://prometheus-community.github.io/helm-charts
  version: 7.5.0
- name: prometheus-redis-exporter
  repository: https://prometheus-community.github.io/helm-charts
  version: 6.20.2
digest: sha256:8f055de5313fd1694d608e2273e9f6a5374e93518dd6e7026660e700c5231801
generated: "2026-10-09T09:22:38.406515374Z"
