dependencies:
- name: medplum
  repository: https://charts.medplum.com
  version: 5.1.11
- name: postgresql
  repository: https://charts.bitnami.com/bitnami
  version: 18.2.4
- name: redis
  repository: https://charts.bitnami.com/bitnami
  version: 24.1.3
- name: prometheus-postgres-exporter
  repository: https://prometheus-community.github.io/helm-charts
  version: 7.5.0
- name: prometheus-redis-exporter
  repository: https://prometheus-community.github.io/helm-charts
  version: 6.20.2
digest: sha256:55ef542d49ae900e46aa6854c4319f07914d1b882cd07725624fdb389778c0bc
generated: "2026-05-08T16:36:24.100229044Z"
