dependencies:
- name: airflow
  repository: https://airflow.apache.org
  version: 1.19.0
# - name: prometheus-postgres-exporter
#   repository: https://prometheus-community.github.io/helm-charts
#   version: 7.5.0
digest: sha256:b5dea547b58e43e2aacce0035c0dad63518196e54df8651c04402a77bc47daf4
generated: "2026-02-26T17:34:42.934387261Z"
