dependencies:
- name: minio
  repository: https://charts.min.io
  version: 5.4.0
- name: prometheus-postgres-exporter
  repository: https://prometheus-community.github.io/helm-charts
  version: 7.5.0
digest: sha256:5a4bfee1d508be9b964e7ddf7dc887473417d7c6469f18b60e16f404029f6ec7
generated: "2026-03-07T17:26:11.575733695Z"
